// !$*UTF8*$!
{
	archiveVersion = 1;
	classes = {
	};
	objectVersion = 50;
	objects = {

/* Begin PBXBuildFile section */
		172B79B82625EFE200358EED /* CoverImageModel.swift in Sources */ = {isa = PBXBuildFile; fileRef = 172B79B72625EFE200358EED /* CoverImageModel.swift */; };
		172B79BC2626053000358EED /* CodableBundleExtension.swift in Sources */ = {isa = PBXBuildFile; fileRef = 172B79BB2626053000358EED /* CodableBundleExtension.swift */; };
		172B79BF2626240600358EED /* AnimalListItemView.swift in Sources */ = {isa = PBXBuildFile; fileRef = 172B79BE2626240600358EED /* AnimalListItemView.swift */; };
		172B79C22626286400358EED /* AnimalModel.swift in Sources */ = {isa = PBXBuildFile; fileRef = 172B79C12626286400358EED /* AnimalModel.swift */; };
		172B79C526262E7500358EED /* AnimalDetailView.swift in Sources */ = {isa = PBXBuildFile; fileRef = 172B79C426262E7500358EED /* AnimalDetailView.swift */; };
		172B79C82626363C00358EED /* HeadingView.swift in Sources */ = {isa = PBXBuildFile; fileRef = 172B79C72626363B00358EED /* HeadingView.swift */; };
		172B79CB2626383100358EED /* InsetGalleryView.swift in Sources */ = {isa = PBXBuildFile; fileRef = 172B79CA2626383100358EED /* InsetGalleryView.swift */; };
		172B79CE2626404A00358EED /* InsetFactView.swift in Sources */ = {isa = PBXBuildFile; fileRef = 172B79CD2626404A00358EED /* InsetFactView.swift */; };
		172B79D12626471B00358EED /* InsetMapView.swift in Sources */ = {isa = PBXBuildFile; fileRef = 172B79D02626471B00358EED /* InsetMapView.swift */; };
		172B79D426264A7E00358EED /* ExternalWeblinkView.swift in Sources */ = {isa = PBXBuildFile; fileRef = 172B79D326264A7E00358EED /* ExternalWeblinkView.swift */; };
		172B79D726265CB100358EED /* VideoModel.swift in Sources */ = {isa = PBXBuildFile; fileRef = 172B79D626265CB100358EED /* VideoModel.swift */; };
		172B79DA26265D2300358EED /* VideoListItemView.swift in Sources */ = {isa = PBXBuildFile; fileRef = 172B79D926265D2300358EED /* VideoListItemView.swift */; };
		178E5B502625ED90004AE185 /* CoverImageView.swift in Sources */ = {isa = PBXBuildFile; fileRef = 178E5B4F2625ED90004AE185 /* CoverImageView.swift */; };
		17EA785D2626EEFB00480C67 /* VideoPlayerView.swift in Sources */ = {isa = PBXBuildFile; fileRef = 17EA785C2626EEFB00480C67 /* VideoPlayerView.swift */; };
		17EA78612626F04900480C67 /* VideoPlayerHelper.swift in Sources */ = {isa = PBXBuildFile; fileRef = 17EA78602626F04900480C67 /* VideoPlayerHelper.swift */; };
		17EC38052625A0EE003E56FD /* AfricaApp.swift in Sources */ = {isa = PBXBuildFile; fileRef = 17EC38042625A0EE003E56FD /* AfricaApp.swift */; };
		17EC38072625A0EE003E56FD /* ContentView.swift in Sources */ = {isa = PBXBuildFile; fileRef = 17EC38062625A0EE003E56FD /* ContentView.swift */; };
		17EC38092625A0F0003E56FD /* Assets.xcassets in Resources */ = {isa = PBXBuildFile; fileRef = 17EC38082625A0F0003E56FD /* Assets.xcassets */; };
		17EC380C2625A0F0003E56FD /* Preview Assets.xcassets in Resources */ = {isa = PBXBuildFile; fileRef = 17EC380B2625A0F0003E56FD /* Preview Assets.xcassets */; };
		17EC381F2625A881003E56FD /* elephant.mp4 in Resources */ = {isa = PBXBuildFile; fileRef = 17EC38152625A881003E56FD /* elephant.mp4 */; };
		17EC38202625A881003E56FD /* ostrich.mp4 in Resources */ = {isa = PBXBuildFile; fileRef = 17EC38162625A881003E56FD /* ostrich.mp4 */; };
		17EC38212625A881003E56FD /* lion.mp4 in Resources */ = {isa = PBXBuildFile; fileRef = 17EC38172625A881003E56FD /* lion.mp4 */; };
		17EC38222625A881003E56FD /* rhino.mp4 in Resources */ = {isa = PBXBuildFile; fileRef = 17EC38182625A881003E56FD /* rhino.mp4 */; };
		17EC38232625A881003E56FD /* zebra.mp4 in Resources */ = {isa = PBXBuildFile; fileRef = 17EC38192625A881003E56FD /* zebra.mp4 */; };
		17EC38242625A881003E56FD /* cheetah.mp4 in Resources */ = {isa = PBXBuildFile; fileRef = 17EC381A2625A881003E56FD /* cheetah.mp4 */; };
		17EC38252625A881003E56FD /* hippo.mp4 in Resources */ = {isa = PBXBuildFile; fileRef = 17EC381B2625A881003E56FD /* hippo.mp4 */; };
		17EC38262625A881003E56FD /* lioness.mp4 in Resources */ = {isa = PBXBuildFile; fileRef = 17EC381C2625A881003E56FD /* lioness.mp4 */; };
		17EC38272625A881003E56FD /* giraffe.mp4 in Resources */ = {isa = PBXBuildFile; fileRef = 17EC381D2625A881003E56FD /* giraffe.mp4 */; };
		17EC38282625A881003E56FD /* gorilla.mp4 in Resources */ = {isa = PBXBuildFile; fileRef = 17EC381E2625A881003E56FD /* gorilla.mp4 */; };
		17EC382F2625A8BC003E56FD /* animals.json in Resources */ = {isa = PBXBuildFile; fileRef = 17EC382B2625A8BC003E56FD /* animals.json */; };
		17EC38302625A8BC003E56FD /* locations.json in Resources */ = {isa = PBXBuildFile; fileRef = 17EC382C2625A8BC003E56FD /* locations.json */; };
		17EC38312625A8BC003E56FD /* covers.json in Resources */ = {isa = PBXBuildFile; fileRef = 17EC382D2625A8BC003E56FD /* covers.json */; };
		17EC38322625A8BC003E56FD /* videos.json in Resources */ = {isa = PBXBuildFile; fileRef = 17EC382E2625A8BC003E56FD /* videos.json */; };
		17EC38392625AB8C003E56FD /* VideoListView.swift in Sources */ = {isa = PBXBuildFile; fileRef = 17EC38382625AB8C003E56FD /* VideoListView.swift */; };
		17EC383C2625ABA9003E56FD /* MapView.swift in Sources */ = {isa = PBXBuildFile; fileRef = 17EC383B2625ABA9003E56FD /* MapView.swift */; };
		17EC383F2625ABC4003E56FD /* GalleryView.swift in Sources */ = {isa = PBXBuildFile; fileRef = 17EC383E2625ABC4003E56FD /* GalleryView.swift */; };
		17EC38422625ABDE003E56FD /* MainView.swift in Sources */ = {isa = PBXBuildFile; fileRef = 17EC38412625ABDE003E56FD /* MainView.swift */; };
/* End PBXBuildFile section */

/* Begin PBXFileReference section */
		172B79B72625EFE200358EED /* CoverImageModel.swift */ = {isa = PBXFileReference; lastKnownFileType = sourcecode.swift; path = CoverImageModel.swift; sourceTree = "<group>"; };
		172B79BB2626053000358EED /* CodableBundleExtension.swift */ = {isa = PBXFileReference; lastKnownFileType = sourcecode.swift; path = CodableBundleExtension.swift; sourceTree = "<group>"; };
		172B79BE2626240600358EED /* AnimalListItemView.swift */ = {isa = PBXFileReference; lastKnownFileType = sourcecode.swift; path = AnimalListItemView.swift; sourceTree = "<group>"; };
		172B79C12626286400358EED /* AnimalModel.swift */ = {isa = PBXFileReference; lastKnownFileType = sourcecode.swift; path = AnimalModel.swift; sourceTree = "<group>"; };
		172B79C426262E7500358EED /* AnimalDetailView.swift */ = {isa = PBXFileReference; lastKnownFileType = sourcecode.swift; path = AnimalDetailView.swift; sourceTree = "<group>"; };
		172B79C72626363B00358EED /* HeadingView.swift */ = {isa = PBXFileReference; lastKnownFileType = sourcecode.swift; path = HeadingView.swift; sourceTree = "<group>"; };
		172B79CA2626383100358EED /* InsetGalleryView.swift */ = {isa = PBXFileReference; lastKnownFileType = sourcecode.swift; path = InsetGalleryView.swift; sourceTree = "<group>"; };
		172B79CD2626404A00358EED /* InsetFactView.swift */ = {isa = PBXFileReference; lastKnownFileType = sourcecode.swift; path = InsetFactView.swift; sourceTree = "<group>"; };
		172B79D02626471B00358EED /* InsetMapView.swift */ = {isa = PBXFileReference; lastKnownFileType = sourcecode.swift; path = InsetMapView.swift; sourceTree = "<group>"; };
		172B79D326264A7E00358EED /* ExternalWeblinkView.swift */ = {isa = PBXFileReference; lastKnownFileType = sourcecode.swift; path = ExternalWeblinkView.swift; sourceTree = "<group>"; };
		172B79D626265CB100358EED /* VideoModel.swift */ = {isa = PBXFileReference; lastKnownFileType = sourcecode.swift; path = VideoModel.swift; sourceTree = "<group>"; };
		172B79D926265D2300358EED /* VideoListItemView.swift */ = {isa = PBXFileReference; lastKnownFileType = sourcecode.swift; path = VideoListItemView.swift; sourceTree = "<group>"; };
		178E5B4F2625ED90004AE185 /* CoverImageView.swift */ = {isa = PBXFileReference; lastKnownFileType = sourcecode.swift; path = CoverImageView.swift; sourceTree = "<group>"; };
		17EA785C2626EEFB00480C67 /* VideoPlayerView.swift */ = {isa = PBXFileReference; lastKnownFileType = sourcecode.swift; path = VideoPlayerView.swift; sourceTree = "<group>"; };
		17EA78602626F04900480C67 /* VideoPlayerHelper.swift */ = {isa = PBXFileReference; lastKnownFileType = sourcecode.swift; path = VideoPlayerHelper.swift; sourceTree = "<group>"; };
		17EC38012625A0EE003E56FD /* Africa.app */ = {isa = PBXFileReference; explicitFileType = wrapper.application; includeInIndex = 0; path = Africa.app; sourceTree = BUILT_PRODUCTS_DIR; };
		17EC38042625A0EE003E56FD /* AfricaApp.swift */ = {isa = PBXFileReference; lastKnownFileType = sourcecode.swift; path = AfricaApp.swift; sourceTree = "<group>"; };
		17EC38062625A0EE003E56FD /* ContentView.swift */ = {isa = PBXFileReference; lastKnownFileType = sourcecode.swift; path = ContentView.swift; sourceTree = "<group>"; };
		17EC38082625A0F0003E56FD /* Assets.xcassets */ = {isa = PBXFileReference; lastKnownFileType = folder.assetcatalog; path = Assets.xcassets; sourceTree = "<group>"; };
		17EC380B2625A0F0003E56FD /* Preview Assets.xcassets */ = {isa = PBXFileReference; lastKnownFileType = folder.assetcatalog; path = "Preview Assets.xcassets"; sourceTree = "<group>"; };
		17EC380D2625A0F0003E56FD /* Info.plist */ = {isa = PBXFileReference; lastKnownFileType = text.plist.xml; path = Info.plist; sourceTree = "<group>"; };
		17EC38152625A881003E56FD /* elephant.mp4 */ = {isa = PBXFileReference; lastKnownFileType = file; path = elephant.mp4; sourceTree = "<group>"; };
		17EC38162625A881003E56FD /* ostrich.mp4 */ = {isa = PBXFileReference; lastKnownFileType = file; path = ostrich.mp4; sourceTree = "<group>"; };
		17EC38172625A881003E56FD /* lion.mp4 */ = {isa = PBXFileReference; lastKnownFileType = file; path = lion.mp4; sourceTree = "<group>"; };
		17EC38182625A881003E56FD /* rhino.mp4 */ = {isa = PBXFileReference; lastKnownFileType = file; path = rhino.mp4; sourceTree = "<group>"; };
		17EC38192625A881003E56FD /* zebra.mp4 */ = {isa = PBXFileReference; lastKnownFileType = file; path = zebra.mp4; sourceTree = "<group>"; };
		17EC381A2625A881003E56FD /* cheetah.mp4 */ = {isa = PBXFileReference; lastKnownFileType = file; path = cheetah.mp4; sourceTree = "<group>"; };
		17EC381B2625A881003E56FD /* hippo.mp4 */ = {isa = PBXFileReference; lastKnownFileType = file; path = hippo.mp4; sourceTree = "<group>"; };
		17EC381C2625A881003E56FD /* lioness.mp4 */ = {isa = PBXFileReference; lastKnownFileType = file; path = lioness.mp4; sourceTree = "<group>"; };
		17EC381D2625A881003E56FD /* giraffe.mp4 */ = {isa = PBXFileReference; lastKnownFileType = file; path = giraffe.mp4; sourceTree = "<group>"; };
		17EC381E2625A881003E56FD /* gorilla.mp4 */ = {isa = PBXFileReference; lastKnownFileType = file; path = gorilla.mp4; sourceTree = "<group>"; };
		17EC382B2625A8BC003E56FD /* animals.json */ = {isa = PBXFileReference; fileEncoding = 4; lastKnownFileType = text.json; path = animals.json; sourceTree = "<group>"; };
		17EC382C2625A8BC003E56FD /* locations.json */ = {isa = PBXFileReference; fileEncoding = 4; lastKnownFileType = text.json; path = locations.json; sourceTree = "<group>"; };
		17EC382D2625A8BC003E56FD /* covers.json */ = {isa = PBXFileReference; fileEncoding = 4; lastKnownFileType = text.json; path = covers.json; sourceTree = "<group>"; };
		17EC382E2625A8BC003E56FD /* videos.json */ = {isa = PBXFileReference; fileEncoding = 4; lastKnownFileType = text.json; path = videos.json; sourceTree = "<group>"; };
		17EC38382625AB8C003E56FD /* VideoListView.swift */ = {isa = PBXFileReference; lastKnownFileType = sourcecode.swift; path = VideoListView.swift; sourceTree = "<group>"; };
		17EC383B2625ABA9003E56FD /* MapView.swift */ = {isa = PBXFileReference; lastKnownFileType = sourcecode.swift; path = MapView.swift; sourceTree = "<group>"; };
		17EC383E2625ABC4003E56FD /* GalleryView.swift */ = {isa = PBXFileReference; lastKnownFileType = sourcecode.swift; path = GalleryView.swift; sourceTree = "<group>"; };
		17EC38412625ABDE003E56FD /* MainView.swift */ = {isa = PBXFileReference; lastKnownFileType = sourcecode.swift; path = MainView.swift; sourceTree = "<group>"; };
/* End PBXFileReference section */

/* Begin PBXFrameworksBuildPhase section */
		17EC37FE2625A0EE003E56FD /* Frameworks */ = {
			isa = PBXFrameworksBuildPhase;
			buildActionMask = 2147483647;
			files = (
			);
			runOnlyForDeploymentPostprocessing = 0;
		};
/* End PBXFrameworksBuildPhase section */

/* Begin PBXGroup section */
		172B79B62625EFD000358EED /* Model */ = {
			isa = PBXGroup;
			children = (
				172B79B72625EFE200358EED /* CoverImageModel.swift */,
				172B79C12626286400358EED /* AnimalModel.swift */,
				172B79D626265CB100358EED /* VideoModel.swift */,
			);
			path = Model;
			sourceTree = "<group>";
		};
		172B79BA262600FD00358EED /* Extension */ = {
			isa = PBXGroup;
			children = (
				172B79BB2626053000358EED /* CodableBundleExtension.swift */,
			);
			path = Extension;
			sourceTree = "<group>";
		};
		178E5B4E2625ED77004AE185 /* View */ = {
			isa = PBXGroup;
			children = (
				178E5B4F2625ED90004AE185 /* CoverImageView.swift */,
				172B79BE2626240600358EED /* AnimalListItemView.swift */,
				172B79C426262E7500358EED /* AnimalDetailView.swift */,
				172B79C72626363B00358EED /* HeadingView.swift */,
				172B79CA2626383100358EED /* InsetGalleryView.swift */,
				172B79CD2626404A00358EED /* InsetFactView.swift */,
				172B79D02626471B00358EED /* InsetMapView.swift */,
				172B79D326264A7E00358EED /* ExternalWeblinkView.swift */,
				172B79D926265D2300358EED /* VideoListItemView.swift */,
				17EA785C2626EEFB00480C67 /* VideoPlayerView.swift */,
			);
			path = View;
			sourceTree = "<group>";
		};
		17EA785F2626F03000480C67 /* Helper */ = {
			isa = PBXGroup;
			children = (
				17EA78602626F04900480C67 /* VideoPlayerHelper.swift */,
			);
			path = Helper;
			sourceTree = "<group>";
		};
		17EC37F82625A0EE003E56FD = {
			isa = PBXGroup;
			children = (
				17EC38032625A0EE003E56FD /* Africa */,
				17EC38022625A0EE003E56FD /* Products */,
			);
			sourceTree = "<group>";
		};
		17EC38022625A0EE003E56FD /* Products */ = {
			isa = PBXGroup;
			children = (
				17EC38012625A0EE003E56FD /* Africa.app */,
			);
			name = Products;
			sourceTree = "<group>";
		};
		17EC38032625A0EE003E56FD /* Africa */ = {
			isa = PBXGroup;
			children = (
				17EA785F2626F03000480C67 /* Helper */,
				172B79BA262600FD00358EED /* Extension */,
				172B79B62625EFD000358EED /* Model */,
				178E5B4E2625ED77004AE185 /* View */,
				17EC382A2625A8A9003E56FD /* Data */,
				17EC38142625A85B003E56FD /* Video */,
				17EC38362625AAE0003E56FD /* App */,
				17EC38082625A0F0003E56FD /* Assets.xcassets */,
				17EC380D2625A0F0003E56FD /* Info.plist */,
				17EC380A2625A0F0003E56FD /* Preview Content */,
			);
			path = Africa;
			sourceTree = "<group>";
		};
		17EC380A2625A0F0003E56FD /* Preview Content */ = {
			isa = PBXGroup;
			children = (
				17EC380B2625A0F0003E56FD /* Preview Assets.xcassets */,
			);
			path = "Preview Content";
			sourceTree = "<group>";
		};
		17EC38142625A85B003E56FD /* Video */ = {
			isa = PBXGroup;
			children = (
				17EC381A2625A881003E56FD /* cheetah.mp4 */,
				17EC38152625A881003E56FD /* elephant.mp4 */,
				17EC381D2625A881003E56FD /* giraffe.mp4 */,
				17EC381E2625A881003E56FD /* gorilla.mp4 */,
				17EC381B2625A881003E56FD /* hippo.mp4 */,
				17EC38172625A881003E56FD /* lion.mp4 */,
				17EC381C2625A881003E56FD /* lioness.mp4 */,
				17EC38162625A881003E56FD /* ostrich.mp4 */,
				17EC38182625A881003E56FD /* rhino.mp4 */,
				17EC38192625A881003E56FD /* zebra.mp4 */,
			);
			path = Video;
			sourceTree = "<group>";
		};
		17EC382A2625A8A9003E56FD /* Data */ = {
			isa = PBXGroup;
			children = (
				17EC382B2625A8BC003E56FD /* animals.json */,
				17EC382D2625A8BC003E56FD /* covers.json */,
				17EC382C2625A8BC003E56FD /* locations.json */,
				17EC382E2625A8BC003E56FD /* videos.json */,
			);
			path = Data;
			sourceTree = "<group>";
		};
		17EC38362625AAE0003E56FD /* App */ = {
			isa = PBXGroup;
			children = (
				17EC38042625A0EE003E56FD /* AfricaApp.swift */,
				17EC38062625A0EE003E56FD /* ContentView.swift */,
				17EC38382625AB8C003E56FD /* VideoListView.swift */,
				17EC383B2625ABA9003E56FD /* MapView.swift */,
				17EC383E2625ABC4003E56FD /* GalleryView.swift */,
				17EC38412625ABDE003E56FD /* MainView.swift */,
			);
			path = App;
			sourceTree = "<group>";
		};
/* End PBXGroup section */

/* Begin PBXNativeTarget section */
		17EC38002625A0EE003E56FD /* Africa */ = {
			isa = PBXNativeTarget;
			buildConfigurationList = 17EC38102625A0F0003E56FD /* Build configuration list for PBXNativeTarget "Africa" */;
			buildPhases = (
				17EC37FD2625A0EE003E56FD /* Sources */,
				17EC37FE2625A0EE003E56FD /* Frameworks */,
				17EC37FF2625A0EE003E56FD /* Resources */,
			);
			buildRules = (
			);
			dependencies = (
			);
			name = Africa;
			productName = Africa;
			productReference = 17EC38012625A0EE003E56FD /* Africa.app */;
			productType = "com.apple.product-type.application";
		};
/* End PBXNativeTarget section */

/* Begin PBXProject section */
		17EC37F92625A0EE003E56FD /* Project object */ = {
			isa = PBXProject;
			attributes = {
				LastSwiftUpdateCheck = 1240;
				LastUpgradeCheck = 1240;
				TargetAttributes = {
					17EC38002625A0EE003E56FD = {
						CreatedOnToolsVersion = 12.4;
					};
				};
			};
			buildConfigurationList = 17EC37FC2625A0EE003E56FD /* Build configuration list for PBXProject "Africa" */;
			compatibilityVersion = "Xcode 9.3";
			developmentRegion = en;
			hasScannedForEncodings = 0;
			knownRegions = (
				en,
				Base,
			);
			mainGroup = 17EC37F82625A0EE003E56FD;
			productRefGroup = 17EC38022625A0EE003E56FD /* Products */;
			projectDirPath = "";
			projectRoot = "";
			targets = (
				17EC38002625A0EE003E56FD /* Africa */,
			);
		};
/* End PBXProject section */

/* Begin PBXResourcesBuildPhase section */
		17EC37FF2625A0EE003E56FD /* Resources */ = {
			isa = PBXResourcesBuildPhase;
			buildActionMask = 2147483647;
			files = (
				17EC38302625A8BC003E56FD /* locations.json in Resources */,
				17EC38222625A881003E56FD /* rhino.mp4 in Resources */,
				17EC38252625A881003E56FD /* hippo.mp4 in Resources */,
				17EC380C2625A0F0003E56FD /* Preview Assets.xcassets in Resources */,
				17EC38092625A0F0003E56FD /* Assets.xcassets in Resources */,
				17EC38282625A881003E56FD /* gorilla.mp4 in Resources */,
				17EC38202625A881003E56FD /* ostrich.mp4 in Resources */,
				17EC38242625A881003E56FD /* cheetah.mp4 in Resources */,
				17EC382F2625A8BC003E56FD /* animals.json in Resources */,
				17EC38272625A881003E56FD /* giraffe.mp4 in Resources */,
				17EC38312625A8BC003E56FD /* covers.json in Resources */,
				17EC38212625A881003E56FD /* lion.mp4 in Resources */,
				17EC38262625A881003E56FD /* lioness.mp4 in Resources */,
				17EC38322625A8BC003E56FD /* videos.json in Resources */,
				17EC38232625A881003E56FD /* zebra.mp4 in Resources */,
				17EC381F2625A881003E56FD /* elephant.mp4 in Resources */,
			);
			runOnlyForDeploymentPostprocessing = 0;
		};
/* End PBXResourcesBuildPhase section */

/* Begin PBXSourcesBuildPhase section */
		17EC37FD2625A0EE003E56FD /* Sources */ = {
			isa = PBXSourcesBuildPhase;
			buildActionMask = 2147483647;
			files = (
				172B79D426264A7E00358EED /* ExternalWeblinkView.swift in Sources */,
				17EC38072625A0EE003E56FD /* ContentView.swift in Sources */,
				172B79BF2626240600358EED /* AnimalListItemView.swift in Sources */,
				17EC38422625ABDE003E56FD /* MainView.swift in Sources */,
				172B79CE2626404A00358EED /* InsetFactView.swift in Sources */,
				178E5B502625ED90004AE185 /* CoverImageView.swift in Sources */,
				172B79B82625EFE200358EED /* CoverImageModel.swift in Sources */,
				172B79C526262E7500358EED /* AnimalDetailView.swift in Sources */,
				172B79C22626286400358EED /* AnimalModel.swift in Sources */,
				17EC383C2625ABA9003E56FD /* MapView.swift in Sources */,
				17EA78612626F04900480C67 /* VideoPlayerHelper.swift in Sources */,
				172B79D12626471B00358EED /* InsetMapView.swift in Sources */,
				17EC38052625A0EE003E56FD /* AfricaApp.swift in Sources */,
				17EC38392625AB8C003E56FD /* VideoListView.swift in Sources */,
				172B79D726265CB100358EED /* VideoModel.swift in Sources */,
				17EC383F2625ABC4003E56FD /* GalleryView.swift in Sources */,
				172B79CB2626383100358EED /* InsetGalleryView.swift in Sources */,
				172B79DA26265D2300358EED /* VideoListItemView.swift in Sources */,
				172B79BC2626053000358EED /* CodableBundleExtension.swift in Sources */,
				172B79C82626363C00358EED /* HeadingView.swift in Sources */,
				17EA785D2626EEFB00480C67 /* VideoPlayerView.swift in Sources */,
			);
			runOnlyForDeploymentPostprocessing = 0;
		};
/* End PBXSourcesBuildPhase section */

/* Begin XCBuildConfiguration section */
		17EC380E2625A0F0003E56FD /* Debug */ = {
			isa = XCBuildConfiguration;
			buildSettings = {
				ALWAYS_SEARCH_USER_PATHS = NO;
				CLANG_ANALYZER_NONNULL = YES;
				CLANG_ANALYZER_NUMBER_OBJECT_CONVERSION = YES_AGGRESSIVE;
				CLANG_CXX_LANGUAGE_STANDARD = "gnu++14";
				CLANG_CXX_LIBRARY = "libc++";
				CLANG_ENABLE_MODULES = YES;
				CLANG_ENABLE_OBJC_ARC = YES;
				CLANG_ENABLE_OBJC_WEAK = YES;
				CLANG_WARN_BLOCK_CAPTURE_AUTORELEASING = YES;
				CLANG_WARN_BOOL_CONVERSION = YES;
				CLANG_WARN_COMMA = YES;
				CLANG_WARN_CONSTANT_CONVERSION = YES;
				CLANG_WARN_DEPRECATED_OBJC_IMPLEMENTATIONS = YES;
				CLANG_WARN_DIRECT_OBJC_ISA_USAGE = YES_ERROR;
				CLANG_WARN_DOCUMENTATION_COMMENTS = YES;
				CLANG_WARN_EMPTY_BODY = YES;
				CLANG_WARN_ENUM_CONVERSION = YES;
				CLANG_WARN_INFINITE_RECURSION = YES;
				CLANG_WARN_INT_CONVERSION = YES;
				CLANG_WARN_NON_LITERAL_NULL_CONVERSION = YES;
				CLANG_WARN_OBJC_IMPLICIT_RETAIN_SELF = YES;
				CLANG_WARN_OBJC_LITERAL_CONVERSION = YES;
				CLANG_WARN_OBJC_ROOT_CLASS = YES_ERROR;
				CLANG_WARN_QUOTED_INCLUDE_IN_FRAMEWORK_HEADER = YES;
				CLANG_WARN_RANGE_LOOP_ANALYSIS = YES;
				CLANG_WARN_STRICT_PROTOTYPES = YES;
				CLANG_WARN_SUSPICIOUS_MOVE = YES;
				CLANG_WARN_UNGUARDED_AVAILABILITY = YES_AGGRESSIVE;
				CLANG_WARN_UNREACHABLE_CODE = YES;
				CLANG_WARN__DUPLICATE_METHOD_MATCH = YES;
				COPY_PHASE_STRIP = NO;
				DEBUG_INFORMATION_FORMAT = dwarf;
				ENABLE_STRICT_OBJC_MSGSEND = YES;
				ENABLE_TESTABILITY = YES;
				GCC_C_LANGUAGE_STANDARD = gnu11;
				GCC_DYNAMIC_NO_PIC = NO;
				GCC_NO_COMMON_BLOCKS = YES;
				GCC_OPTIMIZATION_LEVEL = 0;
				GCC_PREPROCESSOR_DEFINITIONS = (
					"DEBUG=1",
					"$(inherited)",
				);
				GCC_WARN_64_TO_32_BIT_CONVERSION = YES;
				GCC_WARN_ABOUT_RETURN_TYPE = YES_ERROR;
				GCC_WARN_UNDECLARED_SELECTOR = YES;
				GCC_WARN_UNINITIALIZED_AUTOS = YES_AGGRESSIVE;
				GCC_WARN_UNUSED_FUNCTION = YES;
				GCC_WARN_UNUSED_VARIABLE = YES;
				IPHONEOS_DEPLOYMENT_TARGET = 14.4;
				MTL_ENABLE_DEBUG_INFO = INCLUDE_SOURCE;
				MTL_FAST_MATH = YES;
				ONLY_ACTIVE_ARCH = YES;
				SDKROOT = iphoneos;
				SWIFT_ACTIVE_COMPILATION_CONDITIONS = DEBUG;
				SWIFT_OPTIMIZATION_LEVEL = "-Onone";
			};
			name = Debug;
		};
		17EC380F2625A0F0003E56FD /* Release */ = {
			isa = XCBuildConfiguration;
			buildSettings = {
				ALWAYS_SEARCH_USER_PATHS = NO;
				CLANG_ANALYZER_NONNULL = YES;
				CLANG_ANALYZER_NUMBER_OBJECT_CONVERSION = YES_AGGRESSIVE;
				CLANG_CXX_LANGUAGE_STANDARD = "gnu++14";
				CLANG_CXX_LIBRARY = "libc++";
				CLANG_ENABLE_MODULES = YES;
				CLANG_ENABLE_OBJC_ARC = YES;
				CLANG_ENABLE_OBJC_WEAK = YES;
				CLANG_WARN_BLOCK_CAPTURE_AUTORELEASING = YES;
				CLANG_WARN_BOOL_CONVERSION = YES;
				CLANG_WARN_COMMA = YES;
				CLANG_WARN_CONSTANT_CONVERSION = YES;
				CLANG_WARN_DEPRECATED_OBJC_IMPLEMENTATIONS = YES;
				CLANG_WARN_DIRECT_OBJC_ISA_USAGE = YES_ERROR;
				CLANG_WARN_DOCUMENTATION_COMMENTS = YES;
				CLANG_WARN_EMPTY_BODY = YES;
				CLANG_WARN_ENUM_CONVERSION = YES;
				CLANG_WARN_INFINITE_RECURSION = YES;
				CLANG_WARN_INT_CONVERSION = YES;
				CLANG_WARN_NON_LITERAL_NULL_CONVERSION = YES;
				CLANG_WARN_OBJC_IMPLICIT_RETAIN_SELF = YES;
				CLANG_WARN_OBJC_LITERAL_CONVERSION = YES;
				CLANG_WARN_OBJC_ROOT_CLASS = YES_ERROR;
				CLANG_WARN_QUOTED_INCLUDE_IN_FRAMEWORK_HEADER = YES;
				CLANG_WARN_RANGE_LOOP_ANALYSIS = YES;
				CLANG_WARN_STRICT_PROTOTYPES = YES;
				CLANG_WARN_SUSPICIOUS_MOVE = YES;
				CLANG_WARN_UNGUARDED_AVAILABILITY = YES_AGGRESSIVE;
				CLANG_WARN_UNREACHABLE_CODE = YES;
				CLANG_WARN__DUPLICATE_METHOD_MATCH = YES;
				COPY_PHASE_STRIP = NO;
				DEBUG_INFORMATION_FORMAT = "dwarf-with-dsym";
				ENABLE_NS_ASSERTIONS = NO;
				ENABLE_STRICT_OBJC_MSGSEND = YES;
				GCC_C_LANGUAGE_STANDARD = gnu11;
				GCC_NO_COMMON_BLOCKS = YES;
				GCC_WARN_64_TO_32_BIT_CONVERSION = YES;
				GCC_WARN_ABOUT_RETURN_TYPE = YES_ERROR;
				GCC_WARN_UNDECLARED_SELECTOR = YES;
				GCC_WARN_UNINITIALIZED_AUTOS = YES_AGGRESSIVE;
				GCC_WARN_UNUSED_FUNCTION = YES;
				GCC_WARN_UNUSED_VARIABLE = YES;
				IPHONEOS_DEPLOYMENT_TARGET = 14.4;
				MTL_ENABLE_DEBUG_INFO = NO;
				MTL_FAST_MATH = YES;
				SDKROOT = iphoneos;
				SWIFT_COMPILATION_MODE = wholemodule;
				SWIFT_OPTIMIZATION_LEVEL = "-O";
				VALIDATE_PRODUCT = YES;
			};
			name = Release;
		};
		17EC38112625A0F0003E56FD /* Debug */ = {
			isa = XCBuildConfiguration;
			buildSettings = {
				ASSETCATALOG_COMPILER_APPICON_NAME = AppIcon;
				ASSETCATALOG_COMPILER_GLOBAL_ACCENT_COLOR_NAME = AccentColor;
				CODE_SIGN_STYLE = Automatic;
				DEVELOPMENT_ASSET_PATHS = "\"Africa/Preview Content\"";
				DEVELOPMENT_TEAM = 36NLX9Z4M4;
				ENABLE_PREVIEWS = YES;
				INFOPLIST_FILE = Africa/Info.plist;
				IPHONEOS_DEPLOYMENT_TARGET = 14.0;
				LD_RUNPATH_SEARCH_PATHS = (
					"$(inherited)",
					"@executable_path/Frameworks",
				);
				PRODUCT_BUNDLE_IDENTIFIER = com.matt.Africa;
				PRODUCT_NAME = "$(TARGET_NAME)";
				SWIFT_VERSION = 5.0;
				TARGETED_DEVICE_FAMILY = "1,2";
			};
			name = Debug;
		};
		17EC38122625A0F0003E56FD /* Release */ = {
			isa = XCBuildConfiguration;
			buildSettings = {
				ASSETCATALOG_COMPILER_APPICON_NAME = AppIcon;
				ASSETCATALOG_COMPILER_GLOBAL_ACCENT_COLOR_NAME = AccentColor;
				CODE_SIGN_STYLE = Automatic;
				DEVELOPMENT_ASSET_PATHS = "\"Africa/Preview Content\"";
				DEVELOPMENT_TEAM = 36NLX9Z4M4;
				ENABLE_PREVIEWS = YES;
				INFOPLIST_FILE = Africa/Info.plist;
				IPHONEOS_DEPLOYMENT_TARGET = 14.0;
				LD_RUNPATH_SEARCH_PATHS = (
					"$(inherited)",
					"@executable_path/Frameworks",
				);
				PRODUCT_BUNDLE_IDENTIFIER = com.matt.Africa;
				PRODUCT_NAME = "$(TARGET_NAME)";
				SWIFT_VERSION = 5.0;
				TARGETED_DEVICE_FAMILY = "1,2";
			};
			name = Release;
		};
/* End XCBuildConfiguration section */

/* Begin XCConfigurationList section */
		17EC37FC2625A0EE003E56FD /* Build configuration list for PBXProject "Africa" */ = {
			isa = XCConfigurationList;
			buildConfigurations = (
				17EC380E2625A0F0003E56FD /* Debug */,
				17EC380F2625A0F0003E56FD /* Release */,
			);
			defaultConfigurationIsVisible = 0;
			defaultConfigurationName = Release;
		};
		17EC38102625A0F0003E56FD /* Build configuration list for PBXNativeTarget "Africa" */ = {
			isa = XCConfigurationList;
			buildConfigurations = (
				17EC38112625A0F0003E56FD /* Debug */,
				17EC38122625A0F0003E56FD /* Release */,
			);
			defaultConfigurationIsVisible = 0;
			defaultConfigurationName = Release;
		};
/* End XCConfigurationList section */
	};
	rootObject = 17EC37F92625A0EE003E56FD /* Project object */;
}
